// !$*UTF8*$!
{
	archiveVersion = 1;
	classes = {
	};
	objectVersion = 46;
	objects = {

/* Begin PBXBuildFile section */
		F751C2E31C337D1800A7D2AB /* AppDelegate.swift in Sources */ = {isa = PBXBuildFile; fileRef = F751C2E21C337D1800A7D2AB /* AppDelegate.swift */; };
		F751C2E51C337D1800A7D2AB /* ViewController.swift in Sources */ = {isa = PBXBuildFile; fileRef = F751C2E41C337D1800A7D2AB /* ViewController.swift */; };
		F751C2E81C337D1800A7D2AB /* Main.storyboard in Resources */ = {isa = PBXBuildFile; fileRef = F751C2E61C337D1800A7D2AB /* Main.storyboard */; };
		F751C2EA1C337D1800A7D2AB /* Assets.xcassets in Resources */ = {isa = PBXBuildFile; fileRef = F751C2E91C337D1800A7D2AB /* Assets.xcassets */; };
		F751C2ED1C337D1800A7D2AB /* LaunchScreen.storyboard in Resources */ = {isa = PBXBuildFile; fileRef = F751C2EB1C337D1800A7D2AB /* LaunchScreen.storyboard */; };
		F751C2F81C337D1800A7D2AB /* BHBFreeBorderTests.swift in Sources */ = {isa = PBXBuildFile; fileRef = F751C2F71C337D1800A7D2AB /* BHBFreeBorderTests.swift */; };
		F751C3031C337D1800A7D2AB /* BHBFreeBorderUITests.swift in Sources */ = {isa = PBXBuildFile; fileRef = F751C3021C337D1800A7D2AB /* BHBFreeBorderUITests.swift */; };
		F751C3111C337D3800A7D2AB /* UIView+FreeBolder.swift in Sources */ = {isa = PBXBuildFile; fileRef = F751C3101C337D3800A7D2AB /* UIView+FreeBolder.swift */; };
/* End PBXBuildFile section */

/* Begin PBXContainerItemProxy section */
		F751C2F41C337D1800A7D2AB /* PBXContainerItemProxy */ = {
			isa = PBXContainerItemProxy;
			containerPortal = F751C2D71C337D1800A7D2AB /* Project object */;
			proxyType = 1;
			remoteGlobalIDString = F751C2DE1C337D1800A7D2AB;
			remoteInfo = BHBFreeBorder;
		};
		F751C2FF1C337D1800A7D2AB /* PBXContainerItemProxy */ = {
			isa = PBXContainerItemProxy;
			containerPortal = F751C2D71C337D1800A7D2AB /* Project object */;
			proxyType = 1;
			remoteGlobalIDString = F751C2DE1C337D1800A7D2AB;
			remoteInfo = BHBFreeBorder;
		};
/* End PBXContainerItemProxy section */

/* Begin PBXFileReference section */
		F751C2DF1C337D1800A7D2AB /* BHBFreeBorder.app */ = {isa = PBXFileReference; explicitFileType = wrapper.application; includeInIndex = 0; path = BHBFreeBorder.app; sourceTree = BUILT_PRODUCTS_DIR; };
		F751C2E21C337D1800A7D2AB /* AppDelegate.swift */ = {isa = PBXFileReference; lastKnownFileType = sourcecode.swift; path = AppDelegate.swift; sourceTree = "<group>"; };
		F751C2E41C337D1800A7D2AB /* ViewController.swift */ = {isa = PBXFileReference; lastKnownFileType = sourcecode.swift; path = ViewController.swift; sourceTree = "<group>"; };
		F751C2E71C337D1800A7D2AB /* Base */ = {isa = PBXFileReference; lastKnownFileType = file.storyboard; name = Base; path = Base.lproj/Main.storyboard; sourceTree = "<group>"; };
		F751C2E91C337D1800A7D2AB /* Assets.xcassets */ = {isa = PBXFileReference; lastKnownFileType = folder.assetcatalog; path = Assets.xcassets; sourceTree = "<group>"; };
		F751C2EC1C337D1800A7D2AB /* Base */ = {isa = PBXFileReference; lastKnownFileType = file.storyboard; name = Base; path = Base.lproj/LaunchScreen.storyboard; sourceTree = "<group>"; };
		F751C2EE1C337D1800A7D2AB /* Info.plist */ = {isa = PBXFileReference; lastKnownFileType = text.plist.xml; path = Info.plist; sourceTree = "<group>"; };
		F751C2F31C337D1800A7D2AB /* BHBFreeBorderTests.xctest */ = {isa = PBXFileReference; explicitFileType = wrapper.cfbundle; includeInIndex = 0; path = BHBFreeBorderTests.xctest; sourceTree = BUILT_PRODUCTS_DIR; };
		F751C2F71C337D1800A7D2AB /* BHBFreeBorderTests.swift */ = {isa = PBXFileReference; lastKnownFileType = sourcecode.swift; path = BHBFreeBorderTests.swift; sourceTree = "<group>"; };
		F751C2F91C337D1800A7D2AB /* Info.plist */ = {isa = PBXFileReference; lastKnownFileType = text.plist.xml; path = Info.plist; sourceTree = "<group>"; };
		F751C2FE1C337D1800A7D2AB /* BHBFreeBorderUITests.xctest */ = {isa = PBXFileReference; explicitFileType = wrapper.cfbundle; includeInIndex = 0; path = BHBFreeBorderUITests.xctest; sourceTree = BUILT_PRODUCTS_DIR; };
		F751C3021C337D1800A7D2AB /* BHBFreeBorderUITests.swift */ = {isa = PBXFileReference; lastKnownFileType = sourcecode.swift; path = BHBFreeBorderUITests.swift; sourceTree = "<group>"; };
		F751C3041C337D1800A7D2AB /* Info.plist */ = {isa = PBXFileReference; lastKnownFileType = text.plist.xml; path = Info.plist; sourceTree = "<group>"; };
		F751C3101C337D3800A7D2AB /* UIView+FreeBolder.swift */ = {isa = PBXFileReference; fileEncoding = 4; lastKnownFileType = sourcecode.swift; path = "UIView+FreeBolder.swift"; sourceTree = "<group>"; };
/* End PBXFileReference section */

/* Begin PBXFrameworksBuildPhase section */
		F751C2DC1C337D1800A7D2AB /* Frameworks */ = {
			isa = PBXFrameworksBuildPhase;
			buildActionMask = 2147483647;
			files = (
			);
			runOnlyForDeploymentPostprocessing = 0;
		};
		F751C2F01C337D1800A7D2AB /* Frameworks */ = {
			isa = PBXFrameworksBuildPhase;
			buildActionMask = 2147483647;
			files = (
			);
			runOnlyForDeploymentPostprocessing = 0;
		};
		F751C2FB1C337D1800A7D2AB /* Frameworks */ = {
			isa = PBXFrameworksBuildPhase;
			buildActionMask = 2147483647;
			files = (
			);
			runOnlyForDeploymentPostprocessing = 0;
		};
/* End PBXFrameworksBuildPhase section */

/* Begin PBXGroup section */
		F751C2D61C337D1800A7D2AB = {
			isa = PBXGroup;
			children = (
				F751C2E11C337D1800A7D2AB /* BHBFreeBorder */,
				F751C2F61C337D1800A7D2AB /* BHBFreeBorderTests */,
				F751C3011C337D1800A7D2AB /* BHBFreeBorderUITests */,
				F751C2E01C337D1800A7D2AB /* Products */,
			);
			sourceTree = "<group>";
		};
		F751C2E01C337D1800A7D2AB /* Products */ = {
			isa = PBXGroup;
			children = (
				F751C2DF1C337D1800A7D2AB /* BHBFreeBorder.app */,
				F751C2F31C337D1800A7D2AB /* BHBFreeBorderTests.xctest */,
				F751C2FE1C337D1800A7D2AB /* BHBFreeBorderUITests.xctest */,
			);
			name = Products;
			sourceTree = "<group>";
		};
		F751C2E11C337D1800A7D2AB /* BHBFreeBorder */ = {
			isa = PBXGroup;
			children = (
				F751C3101C337D3800A7D2AB /* UIView+FreeBolder.swift */,
				F751C2E21C337D1800A7D2AB /* AppDelegate.swift */,
				F751C2E41C337D1800A7D2AB /* ViewController.swift */,
				F751C2E61C337D1800A7D2AB /* Main.storyboard */,
				F751C2E91C337D1800A7D2AB /* Assets.xcassets */,
				F751C2EB1C337D1800A7D2AB /* LaunchScreen.storyboard */,
				F751C2EE1C337D1800A7D2AB /* Info.plist */,
			);
			path = BHBFreeBorder;
			sourceTree = "<group>";
		};
		F751C2F61C337D1800A7D2AB /* BHBFreeBorderTests */ = {
			isa = PBXGroup;
			children = (
				F751C2F71C337D1800A7D2AB /* BHBFreeBorderTests.swift */,
				F751C2F91C337D1800A7D2AB /* Info.plist */,
			);
			path = BHBFreeBorderTests;
			sourceTree = "<group>";
		};
		F751C3011C337D1800A7D2AB /* BHBFreeBorderUITests */ = {
			isa = PBXGroup;
			children = (
				F751C3021C337D1800A7D2AB /* BHBFreeBorderUITests.swift */,
				F751C3041C337D1800A7D2AB /* Info.plist */,
			);
			path = BHBFreeBorderUITests;
			sourceTree = "<group>";
		};
/* End PBXGroup section */

/* Begin PBXNativeTarget section */
		F751C2DE1C337D1800A7D2AB /* BHBFreeBorder */ = {
			isa = PBXNativeTarget;
			buildConfigurationList = F751C3071C337D1800A7D2AB /* Build configuration list for PBXNativeTarget "BHBFreeBorder" */;
			buildPhases = (
				F751C2DB1C337D1800A7D2AB /* Sources */,
				F751C2DC1C337D1800A7D2AB /* Frameworks */,
				F751C2DD1C337D1800A7D2AB /* Resources */,
			);
			buildRules = (
			);
			dependencies = (
			);
			name = BHBFreeBorder;
			productName = BHBFreeBorder;
			productReference = F751C2DF1C337D1800A7D2AB /* BHBFreeBorder.app */;
			productType = "com.apple.product-type.application";
		};
		F751C2F21C337D1800A7D2AB /* BHBFreeBorderTests */ = {
			isa = PBXNativeTarget;
			buildConfigurationList = F751C30A1C337D1800A7D2AB /* Build configuration list for PBXNativeTarget "BHBFreeBorderTests" */;
			buildPhases = (
				F751C2EF1C337D1800A7D2AB /* Sources */,
				F751C2F01C337D1800A7D2AB /* Frameworks */,
				F751C2F11C337D1800A7D2AB /* Resources */,
			);
			buildRules = (
			);
			dependencies = (
				F751C2F51C337D1800A7D2AB /* PBXTargetDependency */,
			);
			name = BHBFreeBorderTests;
			productName = BHBFreeBorderTests;
			productReference = F751C2F31C337D1800A7D2AB /* BHBFreeBorderTests.xctest */;
			productType = "com.apple.product-type.bundle.unit-test";
		};
		F751C2FD1C337D1800A7D2AB /* BHBFreeBorderUITests */ = {
			isa = PBXNativeTarget;
			buildConfigurationList = F751C30D1C337D1800A7D2AB /* Build configuration list for PBXNativeTarget "BHBFreeBorderUITests" */;
			buildPhases = (
				F751C2FA1C337D1800A7D2AB /* Sources */,
				F751C2FB1C337D1800A7D2AB /* Frameworks */,
				F751C2FC1C337D1800A7D2AB /* Resources */,
			);
			buildRules = (
			);
			dependencies = (
				F751C3001C337D1800A7D2AB /* PBXTargetDependency */,
			);
			name = BHBFreeBorderUITests;
			productName = BHBFreeBorderUITests;
			productReference = F751C2FE1C337D1800A7D2AB /* BHBFreeBorderUITests.xctest */;
			productType = "com.apple.product-type.bundle.ui-testing";
		};
/* End PBXNativeTarget section */

/* Begin PBXProject section */
		F751C2D71C337D1800A7D2AB /* Project object */ = {
			isa = PBXProject;
			attributes = {
				LastSwiftUpdateCheck = 0720;
				LastUpgradeCheck = 0720;
				ORGANIZATIONNAME = bihongbo;
				TargetAttributes = {
					F751C2DE1C337D1800A7D2AB = {
						CreatedOnToolsVersion = 7.2;
					};
					F751C2F21C337D1800A7D2AB = {
						CreatedOnToolsVersion = 7.2;
						TestTargetID = F751C2DE1C337D1800A7D2AB;
					};
					F751C2FD1C337D1800A7D2AB = {
						CreatedOnToolsVersion = 7.2;
						TestTargetID = F751C2DE1C337D1800A7D2AB;
					};
				};
			};
			buildConfigurationList = F751C2DA1C337D1800A7D2AB /* Build configuration list for PBXProject "BHBFreeBorder" */;
			compatibilityVersion = "Xcode 3.2";
			developmentRegion = English;
			hasScannedForEncodings = 0;
			knownRegions = (
				en,
				Base,
			);
			mainGroup = F751C2D61C337D1800A7D2AB;
			productRefGroup = F751C2E01C337D1800A7D2AB /* Products */;
			projectDirPath = "";
			projectRoot = "";
			targets = (
				F751C2DE1C337D1800A7D2AB /* BHBFreeBorder */,
				F751C2F21C337D1800A7D2AB /* BHBFreeBorderTests */,
				F751C2FD1C337D1800A7D2AB /* BHBFreeBorderUITests */,
			);
		};
/* End PBXProject section */

/* Begin PBXResourcesBuildPhase section */
		F751C2DD1C337D1800A7D2AB /* Resources */ = {
			isa = PBXResourcesBuildPhase;
			buildActionMask = 2147483647;
			files = (
				F751C2ED1C337D1800A7D2AB /* LaunchScreen.storyboard in Resources */,
				F751C2EA1C337D1800A7D2AB /* Assets.xcassets in Resources */,
				F751C2E81C337D1800A7D2AB /* Main.storyboard in Resources */,
			);
			runOnlyForDeploymentPostprocessing = 0;
		};
		F751C2F11C337D1800A7D2AB /* Resources */ = {
			isa = PBXResourcesBuildPhase;
			buildActionMask = 2147483647;
			files = (
			);
			runOnlyForDeploymentPostprocessing = 0;
		};
		F751C2FC1C337D1800A7D2AB /* Resources */ = {
			isa = PBXResourcesBuildPhase;
			buildActionMask = 2147483647;
			files = (
			);
			runOnlyForDeploymentPostprocessing = 0;
		};
/* End PBXResourcesBuildPhase section */

/* Begin PBXSourcesBuildPhase section */
		F751C2DB1C337D1800A7D2AB /* Sources */ = {
			isa = PBXSourcesBuildPhase;
			buildActionMask = 2147483647;
			files = (
				F751C3111C337D3800A7D2AB /* UIView+FreeBolder.swift in Sources */,
				F751C2E51C337D1800A7D2AB /* ViewController.swift in Sources */,
				F751C2E31C337D1800A7D2AB /* AppDelegate.swift in Sources */,
			);
			runOnlyForDeploymentPostprocessing = 0;
		};
		F751C2EF1C337D1800A7D2AB /* Sources */ = {
			isa = PBXSourcesBuildPhase;
			buildActionMask = 2147483647;
			files = (
				F751C2F81C337D1800A7D2AB /* BHBFreeBorderTests.swift in Sources */,
			);
			runOnlyForDeploymentPostprocessing = 0;
		};
		F751C2FA1C337D1800A7D2AB /* Sources */ = {
			isa = PBXSourcesBuildPhase;
			buildActionMask = 2147483647;
			files = (
				F751C3031C337D1800A7D2AB /* BHBFreeBorderUITests.swift in Sources */,
			);
			runOnlyForDeploymentPostprocessing = 0;
		};
/* End PBXSourcesBuildPhase section */

/* Begin PBXTargetDependency section */
		F751C2F51C337D1800A7D2AB /* PBXTargetDependency */ = {
			isa = PBXTargetDependency;
			target = F751C2DE1C337D1800A7D2AB /* BHBFreeBorder */;
			targetProxy = F751C2F41C337D1800A7D2AB /* PBXContainerItemProxy */;
		};
		F751C3001C337D1800A7D2AB /* PBXTargetDependency */ = {
			isa = PBXTargetDependency;
			target = F751C2DE1C337D1800A7D2AB /* BHBFreeBorder */;
			targetProxy = F751C2FF1C337D1800A7D2AB /* PBXContainerItemProxy */;
		};
/* End PBXTargetDependency section */

/* Begin PBXVariantGroup section */
		F751C2E61C337D1800A7D2AB /* Main.storyboard */ = {
			isa = PBXVariantGroup;
			children = (
				F751C2E71C337D1800A7D2AB /* Base */,
			);
			name = Main.storyboard;
			sourceTree = "<group>";
		};
		F751C2EB1C337D1800A7D2AB /* LaunchScreen.storyboard */ = {
			isa = PBXVariantGroup;
			children = (
				F751C2EC1C337D1800A7D2AB /* Base */,
			);
			name = LaunchScreen.storyboard;
			sourceTree = "<group>";
		};
/* End PBXVariantGroup section */

/* Begin XCBuildConfiguration section */
		F751C3051C337D1800A7D2AB /* Debug */ = {
			isa = XCBuildConfiguration;
			buildSettings = {
				ALWAYS_SEARCH_USER_PATHS = NO;
				CLANG_CXX_LANGUAGE_STANDARD = "gnu++0x";
				CLANG_CXX_LIBRARY = "libc++";
				CLANG_ENABLE_MODULES = YES;
				CLANG_ENABLE_OBJC_ARC = YES;
				CLANG_WARN_BOOL_CONVERSION = YES;
				CLANG_WARN_CONSTANT_CONVERSION = YES;
				CLANG_WARN_DIRECT_OBJC_ISA_USAGE = YES_ERROR;
				CLANG_WARN_EMPTY_BODY = YES;
				CLANG_WARN_ENUM_CONVERSION = YES;
				CLANG_WARN_INT_CONVERSION = YES;
				CLANG_WARN_OBJC_ROOT_CLASS = YES_ERROR;
				CLANG_WARN_UNREACHABLE_CODE = YES;
				CLANG_WARN__DUPLICATE_METHOD_MATCH = YES;
				"CODE_SIGN_IDENTITY[sdk=iphoneos*]" = "iPhone Developer";
				COPY_PHASE_STRIP = NO;
				DEBUG_INFORMATION_FORMAT = dwarf;
				ENABLE_STRICT_OBJC_MSGSEND = YES;
				ENABLE_TESTABILITY = YES;
				GCC_C_LANGUAGE_STANDARD = gnu99;
				GCC_DYNAMIC_NO_PIC = NO;
				GCC_NO_COMMON_BLOCKS = YES;
				GCC_OPTIMIZATION_LEVEL = 0;
				GCC_PREPROCESSOR_DEFINITIONS = (
					"DEBUG=1",
					"$(inherited)",
				);
				GCC_WARN_64_TO_32_BIT_CONVERSION = YES;
				GCC_WARN_ABOUT_RETURN_TYPE = YES_ERROR;
				GCC_WARN_UNDECLARED_SELECTOR = YES;
				GCC_WARN_UNINITIALIZED_AUTOS = YES_AGGRESSIVE;
				GCC_WARN_UNUSED_FUNCTION = YES;
				GCC_WARN_UNUSED_VARIABLE = YES;
				IPHONEOS_DEPLOYMENT_TARGET = 9.2;
				MTL_ENABLE_DEBUG_INFO = YES;
				ONLY_ACTIVE_ARCH = YES;
				SDKROOT = iphoneos;
				SWIFT_OPTIMIZATION_LEVEL = "-Onone";
			};
			name = Debug;
		};
		F751C3061C337D1800A7D2AB /* Release */ = {
			isa = XCBuildConfiguration;
			buildSettings = {
				ALWAYS_SEARCH_USER_PATHS = NO;
				CLANG_CXX_LANGUAGE_STANDARD = "gnu++0x";
				CLANG_CXX_LIBRARY = "libc++";
				CLANG_ENABLE_MODULES = YES;
				CLANG_ENABLE_OBJC_ARC = YES;
				CLANG_WARN_BOOL_CONVERSION = YES;
				CLANG_WARN_CONSTANT_CONVERSION = YES;
				CLANG_WARN_DIRECT_OBJC_ISA_USAGE = YES_ERROR;
				CLANG_WARN_EMPTY_BODY = YES;
				CLANG_WARN_ENUM_CONVERSION = YES;
				CLANG_WARN_INT_CONVERSION = YES;
				CLANG_WARN_OBJC_ROOT_CLASS = YES_ERROR;
				CLANG_WARN_UNREACHABLE_CODE = YES;
				CLANG_WARN__DUPLICATE_METHOD_MATCH = YES;
				"CODE_SIGN_IDENTITY[sdk=iphoneos*]" = "iPhone Developer";
				COPY_PHASE_STRIP = NO;
				DEBUG_INFORMATION_FORMAT = "dwarf-with-dsym";
				ENABLE_NS_ASSERTIONS = NO;
				ENABLE_STRICT_OBJC_MSGSEND = YES;
				GCC_C_LANGUAGE_STANDARD = gnu99;
				GCC_NO_COMMON_BLOCKS = YES;
				GCC_WARN_64_TO_32_BIT_CONVERSION = YES;
				GCC_WARN_ABOUT_RETURN_TYPE = YES_ERROR;
				GCC_WARN_UNDECLARED_SELECTOR = YES;
				GCC_WARN_UNINITIALIZED_AUTOS = YES_AGGRESSIVE;
				GCC_WARN_UNUSED_FUNCTION = YES;
				GCC_WARN_UNUSED_VARIABLE = YES;
				IPHONEOS_DEPLOYMENT_TARGET = 9.2;
				MTL_ENABLE_DEBUG_INFO = NO;
				SDKROOT = iphoneos;
				VALIDATE_PRODUCT = YES;
			};
			name = Release;
		};
		F751C3081C337D1800A7D2AB /* Debug */ = {
			isa = XCBuildConfiguration;
			buildSettings = {
				ASSETCATALOG_COMPILER_APPICON_NAME = AppIcon;
				INFOPLIST_FILE = BHBFreeBorder/Info.plist;
				LD_RUNPATH_SEARCH_PATHS = "$(inherited) @executable_path/Frameworks";
				PRODUCT_BUNDLE_IDENTIFIER = com.bhb.BHBFreeBorder;
				PRODUCT_NAME = "$(TARGET_NAME)";
			};
			name = Debug;
		};
		F751C3091C337D1800A7D2AB /* Release */ = {
			isa = XCBuildConfiguration;
			buildSettings = {
				ASSETCATALOG_COMPILER_APPICON_NAME = AppIcon;
				INFOPLIST_FILE = BHBFreeBorder/Info.plist;
				LD_RUNPATH_SEARCH_PATHS = "$(inherited) @executable_path/Frameworks";
				PRODUCT_BUNDLE_IDENTIFIER = com.bhb.BHBFreeBorder;
				PRODUCT_NAME = "$(TARGET_NAME)";
			};
			name = Release;
		};
		F751C30B1C337D1800A7D2AB /* Debug */ = {
			isa = XCBuildConfiguration;
			buildSettings = {
				BUNDLE_LOADER = "$(TEST_HOST)";
				INFOPLIST_FILE = BHBFreeBorderTests/Info.plist;
				LD_RUNPATH_SEARCH_PATHS = "$(inherited) @executable_path/Frameworks @loader_path/Frameworks";
				PRODUCT_BUNDLE_IDENTIFIER = com.bhb.BHBFreeBorderTests;
				PRODUCT_NAME = "$(TARGET_NAME)";
				TEST_HOST = "$(BUILT_PRODUCTS_DIR)/BHBFreeBorder.app/BHBFreeBorder";
			};
			name = Debug;
		};
		F751C30C1C337D1800A7D2AB /* Release */ = {
			isa = XCBuildConfiguration;
			buildSettings = {
				BUNDLE_LOADER = "$(TEST_HOST)";
				INFOPLIST_FILE = BHBFreeBorderTests/Info.plist;
				LD_RUNPATH_SEARCH_PATHS = "$(inherited) @executable_path/Frameworks @loader_path/Frameworks";
				PRODUCT_BUNDLE_IDENTIFIER = com.bhb.BHBFreeBorderTests;
				PRODUCT_NAME = "$(TARGET_NAME)";
				TEST_HOST = "$(BUILT_PRODUCTS_DIR)/BHBFreeBorder.app/BHBFreeBorder";
			};
			name = Release;
		};
		F751C30E1C337D1800A7D2AB /* Debug */ = {
			isa = XCBuildConfiguration;
			buildSettings = {
				INFOPLIST_FILE = BHBFreeBorderUITests/Info.plist;
				LD_RUNPATH_SEARCH_PATHS = "$(inherited) @executable_path/Frameworks @loader_path/Frameworks";
				PRODUCT_BUNDLE_IDENTIFIER = com.bhb.BHBFreeBorderUITests;
				PRODUCT_NAME = "$(TARGET_NAME)";
				TEST_TARGET_NAME = BHBFreeBorder;
				USES_XCTRUNNER = YES;
			};
			name = Debug;
		};
		F751C30F1C337D1800A7D2AB /* Release */ = {
			isa = XCBuildConfiguration;
			buildSettings = {
				INFOPLIST_FILE = BHBFreeBorderUITests/Info.plist;
				LD_RUNPATH_SEARCH_PATHS = "$(inherited) @executable_path/Frameworks @loader_path/Frameworks";
				PRODUCT_BUNDLE_IDENTIFIER = com.bhb.BHBFreeBorderUITests;
				PRODUCT_NAME = "$(TARGET_NAME)";
				TEST_TARGET_NAME = BHBFreeBorder;
				USES_XCTRUNNER = YES;
			};
			name = Release;
		};
/* End XCBuildConfiguration section */

/* Begin XCConfigurationList section */
		F751C2DA1C337D1800A7D2AB /* Build configuration list for PBXProject "BHBFreeBorder" */ = {
			isa = XCConfigurationList;
			buildConfigurations = (
				F751C3051C337D1800A7D2AB /* Debug */,
				F751C3061C337D1800A7D2AB /* Release */,
			);
			defaultConfigurationIsVisible = 0;
			defaultConfigurationName = Release;
		};
		F751C3071C337D1800A7D2AB /* Build configuration list for PBXNativeTarget "BHBFreeBorder" */ = {
			isa = XCConfigurationList;
			buildConfigurations = (
				F751C3081C337D1800A7D2AB /* Debug */,
				F751C3091C337D1800A7D2AB /* Release */,
			);
			defaultConfigurationIsVisible = 0;
		};
		F751C30A1C337D1800A7D2AB /* Build configuration list for PBXNativeTarget "BHBFreeBorderTests" */ = {
			isa = XCConfigurationList;
			buildConfigurations = (
				F751C30B1C337D1800A7D2AB /* Debug */,
				F751C30C1C337D1800A7D2AB /* Release */,
			);
			defaultConfigurationIsVisible = 0;
		};
		F751C30D1C337D1800A7D2AB /* Build configuration list for PBXNativeTarget "BHBFreeBorderUITests" */ = {
			isa = XCConfigurationList;
			buildConfigurations = (
				F751C30E1C337D1800A7D2AB /* Debug */,
				F751C30F1C337D1800A7D2AB /* Release */,
			);
			defaultConfigurationIsVisible = 0;
		};
/* End XCConfigurationList section */
	};
	rootObject = F751C2D71C337D1800A7D2AB /* Project object */;
}
